
Microsoft Visual Studio Solution File, Format Version 12.00
# Visual Studio Version 17
VisualStudioVersion = 17.3.32929.385
MinimumVisualStudioVersion = 10.0.40219.1
Project("{9A19103F-16F7-4668-BE54-9A1E7A4F7556}") = "API_Front", "API_Front\API_Front.csproj", "{BD8C8AFC-74B6-47B6-91D1-E22951F2B72F}"
EndProject
Global
	GlobalSection(SolutionConfigurationPlatforms) = preSolution
		Debug|Any CPU = Debug|Any CPU
		Release|Any CPU = Release|Any CPU
	EndGlobalSection
	GlobalSection(ProjectConfigurationPlatforms) = postSolution
		{BD8C8AFC-74B6-47B6-91D1-E22951F2B72F}.Debug|Any CPU.ActiveCfg = Debug|Any CPU
		{BD8C8AFC-74B6-47B6-91D1-E22951F2B72F}.Debug|Any CPU.Build.0 = Debug|Any CPU
		{BD8C8AFC-74B6-47B6-91D1-E22951F2B72F}.Release|Any CPU.ActiveCfg = Release|Any CPU
		{BD8C8AFC-74B6-47B6-91D1-E22951F2B72F}.Release|Any CPU.Build.0 = Release|Any CPU
	EndGlobalSection
	GlobalSection(SolutionProperties) = preSolution
		HideSolutionNode = FALSE
	EndGlobalSection
	GlobalSection(ExtensibilityGlobals) = postSolution
		SolutionGuid = {44CD0260-082E-4528-9EC0-649C249F7D32}
	EndGlobalSection
EndGlobal
